
Microsoft Visual Studio Solution File, Format Version 12.00
# Visual Studio 15
VisualStudioVersion = 15.0.25807.0
MinimumVisualStudioVersion = 10.0.40219.1
Project("{2150E333-8FDC-42A3-9474-1A3956D46DE8}") = "Engine", "Engine", "{BB6BD337-91D1-438E-BF59-4E8AC868F0BD}"
EndProject
Project("{2150E333-8FDC-42A3-9474-1A3956D46DE8}") = "Games", "Games", "{542333A2-304E-44A2-A6E3-14E794FFD431}"
EndProject
Project("{8BC9CEB8-8B4A-11D0-8D11-00A0C91BC942}") = "UE4", "Intermediate\ProjectFiles\UE4.vcxproj", "{926B7C84-6691-479D-B6EA-DAEBD8467485}"
EndProject
Project("{8BC9CEB8-8B4A-11D0-8D11-00A0C91BC942}") = "Ironhail", "Intermediate\ProjectFiles\Ironhail.vcxproj", "{F1397EAC-1B79-4227-B8D1-DDB1C71B1F4D}"
EndProject
Project("{2150E333-8FDC-42A3-9474-1A3956D46DE8}") = "Visualizers", "Visualizers", "{B4E4AB36-1A8C-4137-BF76-AC5E2842BA60}"
	ProjectSection(SolutionItems) = preProject
		..\..\UE_4.24\Engine\Extras\VisualStudioDebugging\UE4.natvis = ..\..\UE_4.24\Engine\Extras\VisualStudioDebugging\UE4.natvis
	EndProjectSection
EndProject
Global
	GlobalSection(SolutionConfigurationPlatforms) = preSolution
		DebugGame Editor|Win32 = DebugGame Editor|Win32
		DebugGame Editor|Win64 = DebugGame Editor|Win64
		DebugGame|Win32 = DebugGame|Win32
		DebugGame|Win64 = DebugGame|Win64
		Development Editor|Win32 = Development Editor|Win32
		Development Editor|Win64 = Development Editor|Win64
		Development|Win32 = Development|Win32
		Development|Win64 = Development|Win64
		Shipping|Win32 = Shipping|Win32
		Shipping|Win64 = Shipping|Win64
	EndGlobalSection
	GlobalSection(ProjectConfigurationPlatforms) = postSolution
		{926B7C84-6691-479D-B6EA-DAEBD8467485}.DebugGame Editor|Win32.ActiveCfg = BuiltWithUnrealBuildTool|Win32
		{926B7C84-6691-479D-B6EA-DAEBD8467485}.DebugGame Editor|Win64.ActiveCfg = BuiltWithUnrealBuildTool|Win32
		{926B7C84-6691-479D-B6EA-DAEBD8467485}.DebugGame|Win32.ActiveCfg = BuiltWithUnrealBuildTool|Win32
		{926B7C84-6691-479D-B6EA-DAEBD8467485}.DebugGame|Win64.ActiveCfg = BuiltWithUnrealBuildTool|Win32
		{926B7C84-6691-479D-B6EA-DAEBD8467485}.Development Editor|Win32.ActiveCfg = BuiltWithUnrealBuildTool|Win32
		{926B7C84-6691-479D-B6EA-DAEBD8467485}.Development Editor|Win64.ActiveCfg = BuiltWithUnrealBuildTool|Win32
		{926B7C84-6691-479D-B6EA-DAEBD8467485}.Development|Win32.ActiveCfg = BuiltWithUnrealBuildTool|Win32
		{926B7C84-6691-479D-B6EA-DAEBD8467485}.Development|Win64.ActiveCfg = BuiltWithUnrealBuildTool|Win32
		{926B7C84-6691-479D-B6EA-DAEBD8467485}.Shipping|Win32.ActiveCfg = BuiltWithUnrealBuildTool|Win32
		{926B7C84-6691-479D-B6EA-DAEBD8467485}.Shipping|Win64.ActiveCfg = BuiltWithUnrealBuildTool|Win32
		{F1397EAC-1B79-4227-B8D1-DDB1C71B1F4D}.DebugGame Editor|Win32.ActiveCfg = Invalid|Win32
		{F1397EAC-1B79-4227-B8D1-DDB1C71B1F4D}.DebugGame Editor|Win64.ActiveCfg = DebugGame_Editor|x64
		{F1397EAC-1B79-4227-B8D1-DDB1C71B1F4D}.DebugGame Editor|Win64.Build.0 = DebugGame_Editor|x64
		{F1397EAC-1B79-4227-B8D1-DDB1C71B1F4D}.DebugGame|Win32.ActiveCfg = DebugGame|Win32
		{F1397EAC-1B79-4227-B8D1-DDB1C71B1F4D}.DebugGame|Win32.Build.0 = DebugGame|Win32
		{F1397EAC-1B79-4227-B8D1-DDB1C71B1F4D}.DebugGame|Win64.ActiveCfg = DebugGame|x64
		{F1397EAC-1B79-4227-B8D1-DDB1C71B1F4D}.DebugGame|Win64.Build.0 = DebugGame|x64
		{F1397EAC-1B79-4227-B8D1-DDB1C71B1F4D}.Development Editor|Win32.ActiveCfg = Invalid|Win32
		{F1397EAC-1B79-4227-B8D1-DDB1C71B1F4D}.Development Editor|Win64.ActiveCfg = Development_Editor|x64
		{F1397EAC-1B79-4227-B8D1-DDB1C71B1F4D}.Development Editor|Win64.Build.0 = Development_Editor|x64
		{F1397EAC-1B79-4227-B8D1-DDB1C71B1F4D}.Development|Win32.ActiveCfg = Development|Win32
		{F1397EAC-1B79-4227-B8D1-DDB1C71B1F4D}.Development|Win32.Build.0 = Development|Win32
		{F1397EAC-1B79-4227-B8D1-DDB1C71B1F4D}.Development|Win64.ActiveCfg = Development|x64
		{F1397EAC-1B79-4227-B8D1-DDB1C71B1F4D}.Development|Win64.Build.0 = Development|x64
		{F1397EAC-1B79-4227-B8D1-DDB1C71B1F4D}.Shipping|Win32.ActiveCfg = Shipping|Win32
		{F1397EAC-1B79-4227-B8D1-DDB1C71B1F4D}.Shipping|Win32.Build.0 = Shipping|Win32
		{F1397EAC-1B79-4227-B8D1-DDB1C71B1F4D}.Shipping|Win64.ActiveCfg = Shipping|x64
		{F1397EAC-1B79-4227-B8D1-DDB1C71B1F4D}.Shipping|Win64.Build.0 = Shipping|x64
	EndGlobalSection
	GlobalSection(SolutionProperties) = preSolution
		HideSolutionNode = FALSE
	EndGlobalSection
	GlobalSection(NestedProjects) = preSolution
		{926B7C84-6691-479D-B6EA-DAEBD8467485} = {BB6BD337-91D1-438E-BF59-4E8AC868F0BD}
		{F1397EAC-1B79-4227-B8D1-DDB1C71B1F4D} = {542333A2-304E-44A2-A6E3-14E794FFD431}
	EndGlobalSection
EndGlobal
